
Microsoft Visual Studio Solution File, Format Version 12.00
# Visual Studio Version 16
VisualStudioVersion = 16.0.31911.196
MinimumVisualStudioVersion = 10.0.40219.1
Project("{FAE04EC0-301F-11D3-BF4B-00C04F79EFBC}") = "ClinicOnControle", "ClinicOnControle.csproj", "{C57C1923-59F1-4EBD-A5A0-D75A8371F57B}"
EndProject
Global
	GlobalSection(SolutionConfigurationPlatforms) = preSolution
		Debug|Any CPU = Debug|Any CPU
		Release|Any CPU = Release|Any CPU
	EndGlobalSection
	GlobalSection(ProjectConfigurationPlatforms) = postSolution
		{C57C1923-59F1-4EBD-A5A0-D75A8371F57B}.Debug|Any CPU.ActiveCfg = Debug|Any CPU
		{C57C1923-59F1-4EBD-A5A0-D75A8371F57B}.Debug|Any CPU.Build.0 = Debug|Any CPU
		{C57C1923-59F1-4EBD-A5A0-D75A8371F57B}.Release|Any CPU.ActiveCfg = Release|Any CPU
		{C57C1923-59F1-4EBD-A5A0-D75A8371F57B}.Release|Any CPU.Build.0 = Release|Any CPU
	EndGlobalSection
	GlobalSection(SolutionProperties) = preSolution
		HideSolutionNode = FALSE
	EndGlobalSection
	GlobalSection(ExtensibilityGlobals) = postSolution
		SolutionGuid = {E6860C96-A928-4383-8CEC-CE6C6CCABD5B}
	EndGlobalSection
EndGlobal
